// !$*UTF8*$!
{
	archiveVersion = 1;
	classes = {
	};
	objectVersion = 46;
	objects = {

/* Begin PBXBuildFile section */
		DF359D021EC2316700D46CFE /* AppDelegate.swift in Sources */ = {isa = PBXBuildFile; fileRef = DF359D011EC2316700D46CFE /* AppDelegate.swift */; };
		DF359D041EC2316700D46CFE /* MainViewController.swift in Sources */ = {isa = PBXBuildFile; fileRef = DF359D031EC2316700D46CFE /* MainViewController.swift */; };
		DF359D071EC2316700D46CFE /* Main.storyboard in Resources */ = {isa = PBXBuildFile; fileRef = DF359D051EC2316700D46CFE /* Main.storyboard */; };
		DF359D091EC2316700D46CFE /* Assets.xcassets in Resources */ = {isa = PBXBuildFile; fileRef = DF359D081EC2316700D46CFE /* Assets.xcassets */; };
		DF359D0C1EC2316700D46CFE /* LaunchScreen.storyboard in Resources */ = {isa = PBXBuildFile; fileRef = DF359D0A1EC2316700D46CFE /* LaunchScreen.storyboard */; };
		DF359D141EC2336B00D46CFE /* pokemon.csv in Resources */ = {isa = PBXBuildFile; fileRef = DF359D131EC2336B00D46CFE /* pokemon.csv */; };
		DF359D171EC2344800D46CFE /* Pokemon.swift in Sources */ = {isa = PBXBuildFile; fileRef = DF359D161EC2344800D46CFE /* Pokemon.swift */; };
		DF359D1A1EC2388B00D46CFE /* music.mp3 in Resources */ = {isa = PBXBuildFile; fileRef = DF359D191EC2388B00D46CFE /* music.mp3 */; };
		DF359D201EC23C9700D46CFE /* PokeCollectionViewCell.swift in Sources */ = {isa = PBXBuildFile; fileRef = DF359D1F1EC23C9700D46CFE /* PokeCollectionViewCell.swift */; };
/* End PBXBuildFile section */

/* Begin PBXFileReference section */
		DF359CFE1EC2316700D46CFE /* MyPokemonLib.app */ = {isa = PBXFileReference; explicitFileType = wrapper.application; includeInIndex = 0; path = MyPokemonLib.app; sourceTree = BUILT_PRODUCTS_DIR; };
		DF359D011EC2316700D46CFE /* AppDelegate.swift */ = {isa = PBXFileReference; lastKnownFileType = sourcecode.swift; path = AppDelegate.swift; sourceTree = "<group>"; };
		DF359D031EC2316700D46CFE /* MainViewController.swift */ = {isa = PBXFileReference; lastKnownFileType = sourcecode.swift; path = MainViewController.swift; sourceTree = "<group>"; };
		DF359D061EC2316700D46CFE /* Base */ = {isa = PBXFileReference; lastKnownFileType = file.storyboard; name = Base; path = Base.lproj/Main.storyboard; sourceTree = "<group>"; };
		DF359D081EC2316700D46CFE /* Assets.xcassets */ = {isa = PBXFileReference; lastKnownFileType = folder.assetcatalog; path = Assets.xcassets; sourceTree = "<group>"; };
		DF359D0B1EC2316700D46CFE /* Base */ = {isa = PBXFileReference; lastKnownFileType = file.storyboard; name = Base; path = Base.lproj/LaunchScreen.storyboard; sourceTree = "<group>"; };
		DF359D0D1EC2316700D46CFE /* Info.plist */ = {isa = PBXFileReference; lastKnownFileType = text.plist.xml; path = Info.plist; sourceTree = "<group>"; };
		DF359D131EC2336B00D46CFE /* pokemon.csv */ = {isa = PBXFileReference; fileEncoding = 4; lastKnownFileType = text; path = pokemon.csv; sourceTree = "<group>"; };
		DF359D161EC2344800D46CFE /* Pokemon.swift */ = {isa = PBXFileReference; fileEncoding = 4; lastKnownFileType = sourcecode.swift; path = Pokemon.swift; sourceTree = "<group>"; };
		DF359D181EC2388100D46CFE /* pokemon.ttf */ = {isa = PBXFileReference; lastKnownFileType = file; path = pokemon.ttf; sourceTree = "<group>"; };
		DF359D191EC2388B00D46CFE /* music.mp3 */ = {isa = PBXFileReference; lastKnownFileType = audio.mp3; path = music.mp3; sourceTree = "<group>"; };
		DF359D1D1EC23A4600D46CFE /* SF-UI-Text-Regular.otf */ = {isa = PBXFileReference; lastKnownFileType = file; path = "SF-UI-Text-Regular.otf"; sourceTree = "<group>"; };
		DF359D1F1EC23C9700D46CFE /* PokeCollectionViewCell.swift */ = {isa = PBXFileReference; fileEncoding = 4; lastKnownFileType = sourcecode.swift; path = PokeCollectionViewCell.swift; sourceTree = "<group>"; };
/* End PBXFileReference section */

/* Begin PBXFrameworksBuildPhase section */
		DF359CFB1EC2316700D46CFE /* Frameworks */ = {
			isa = PBXFrameworksBuildPhase;
			buildActionMask = 2147483647;
			files = (
			);
			runOnlyForDeploymentPostprocessing = 0;
		};
/* End PBXFrameworksBuildPhase section */

/* Begin PBXGroup section */
		DF359CF51EC2316700D46CFE = {
			isa = PBXGroup;
			children = (
				DF359D001EC2316700D46CFE /* MyPokemonLib */,
				DF359CFF1EC2316700D46CFE /* Products */,
			);
			sourceTree = "<group>";
		};
		DF359CFF1EC2316700D46CFE /* Products */ = {
			isa = PBXGroup;
			children = (
				DF359CFE1EC2316700D46CFE /* MyPokemonLib.app */,
			);
			name = Products;
			sourceTree = "<group>";
		};
		DF359D001EC2316700D46CFE /* MyPokemonLib */ = {
			isa = PBXGroup;
			children = (
				DF359D1E1EC23C6700D46CFE /* Cell */,
				DF359D1C1EC238E400D46CFE /* Controller */,
				DF359D1B1EC238C600D46CFE /* Resource */,
				DF359D151EC2342100D46CFE /* Model */,
				DF359D051EC2316700D46CFE /* Main.storyboard */,
				DF359D0A1EC2316700D46CFE /* LaunchScreen.storyboard */,
				DF359D081EC2316700D46CFE /* Assets.xcassets */,
				DF359D0D1EC2316700D46CFE /* Info.plist */,
				DF359D011EC2316700D46CFE /* AppDelegate.swift */,
			);
			path = MyPokemonLib;
			sourceTree = "<group>";
		};
		DF359D151EC2342100D46CFE /* Model */ = {
			isa = PBXGroup;
			children = (
				DF359D161EC2344800D46CFE /* Pokemon.swift */,
			);
			name = Model;
			sourceTree = "<group>";
		};
		DF359D1B1EC238C600D46CFE /* Resource */ = {
			isa = PBXGroup;
			children = (
				DF359D1D1EC23A4600D46CFE /* SF-UI-Text-Regular.otf */,
				DF359D181EC2388100D46CFE /* pokemon.ttf */,
				DF359D191EC2388B00D46CFE /* music.mp3 */,
				DF359D131EC2336B00D46CFE /* pokemon.csv */,
			);
			name = Resource;
			sourceTree = "<group>";
		};
		DF359D1C1EC238E400D46CFE /* Controller */ = {
			isa = PBXGroup;
			children = (
				DF359D031EC2316700D46CFE /* MainViewController.swift */,
			);
			name = Controller;
			sourceTree = "<group>";
		};
		DF359D1E1EC23C6700D46CFE /* Cell */ = {
			isa = PBXGroup;
			children = (
				DF359D1F1EC23C9700D46CFE /* PokeCollectionViewCell.swift */,
			);
			name = Cell;
			sourceTree = "<group>";
		};
/* End PBXGroup section */

/* Begin PBXNativeTarget section */
		DF359CFD1EC2316700D46CFE /* MyPokemonLib */ = {
			isa = PBXNativeTarget;
			buildConfigurationList = DF359D101EC2316700D46CFE /* Build configuration list for PBXNativeTarget "MyPokemonLib" */;
			buildPhases = (
				DF359CFA1EC2316700D46CFE /* Sources */,
				DF359CFB1EC2316700D46CFE /* Frameworks */,
				DF359CFC1EC2316700D46CFE /* Resources */,
			);
			buildRules = (
			);
			dependencies = (
			);
			name = MyPokemonLib;
			productName = MyPokemonLib;
			productReference = DF359CFE1EC2316700D46CFE /* MyPokemonLib.app */;
			productType = "com.apple.product-type.application";
		};
/* End PBXNativeTarget section */

/* Begin PBXProject section */
		DF359CF61EC2316700D46CFE /* Project object */ = {
			isa = PBXProject;
			attributes = {
				LastSwiftUpdateCheck = 0820;
				LastUpgradeCheck = 0820;
				ORGANIZATIONNAME = "Quang Nghia";
				TargetAttributes = {
					DF359CFD1EC2316700D46CFE = {
						CreatedOnToolsVersion = 8.2.1;
						DevelopmentTeam = 9R6APF66GF;
						ProvisioningStyle = Automatic;
					};
				};
			};
			buildConfigurationList = DF359CF91EC2316700D46CFE /* Build configuration list for PBXProject "MyPokemonLib" */;
			compatibilityVersion = "Xcode 3.2";
			developmentRegion = English;
			hasScannedForEncodings = 0;
			knownRegions = (
				en,
				Base,
			);
			mainGroup = DF359CF51EC2316700D46CFE;
			productRefGroup = DF359CFF1EC2316700D46CFE /* Products */;
			projectDirPath = "";
			projectRoot = "";
			targets = (
				DF359CFD1EC2316700D46CFE /* MyPokemonLib */,
			);
		};
/* End PBXProject section */

/* Begin PBXResourcesBuildPhase section */
		DF359CFC1EC2316700D46CFE /* Resources */ = {
			isa = PBXResourcesBuildPhase;
			buildActionMask = 2147483647;
			files = (
				DF359D1A1EC2388B00D46CFE /* music.mp3 in Resources */,
				DF359D0C1EC2316700D46CFE /* LaunchScreen.storyboard in Resources */,
				DF359D091EC2316700D46CFE /* Assets.xcassets in Resources */,
				DF359D141EC2336B00D46CFE /* pokemon.csv in Resources */,
				DF359D071EC2316700D46CFE /* Main.storyboard in Resources */,
			);
			runOnlyForDeploymentPostprocessing = 0;
		};
/* End PBXResourcesBuildPhase section */

/* Begin PBXSourcesBuildPhase section */
		DF359CFA1EC2316700D46CFE /* Sources */ = {
			isa = PBXSourcesBuildPhase;
			buildActionMask = 2147483647;
			files = (
				DF359D041EC2316700D46CFE /* MainViewController.swift in Sources */,
				DF359D201EC23C9700D46CFE /* PokeCollectionViewCell.swift in Sources */,
				DF359D021EC2316700D46CFE /* AppDelegate.swift in Sources */,
				DF359D171EC2344800D46CFE /* Pokemon.swift in Sources */,
			);
			runOnlyForDeploymentPostprocessing = 0;
		};
/* End PBXSourcesBuildPhase section */

/* Begin PBXVariantGroup section */
		DF359D051EC2316700D46CFE /* Main.storyboard */ = {
			isa = PBXVariantGroup;
			children = (
				DF359D061EC2316700D46CFE /* Base */,
			);
			name = Main.storyboard;
			sourceTree = "<group>";
		};
		DF359D0A1EC2316700D46CFE /* LaunchScreen.storyboard */ = {
			isa = PBXVariantGroup;
			children = (
				DF359D0B1EC2316700D46CFE /* Base */,
			);
			name = LaunchScreen.storyboard;
			sourceTree = "<group>";
		};
/* End PBXVariantGroup section */

/* Begin XCBuildConfiguration section */
		DF359D0E1EC2316700D46CFE /* Debug */ = {
			isa = XCBuildConfiguration;
			buildSettings = {
				ALWAYS_SEARCH_USER_PATHS = NO;
				CLANG_ANALYZER_NONNULL = YES;
				CLANG_CXX_LANGUAGE_STANDARD = "gnu++0x";
				CLANG_CXX_LIBRARY = "libc++";
				CLANG_ENABLE_MODULES = YES;
				CLANG_ENABLE_OBJC_ARC = YES;
				CLANG_WARN_BOOL_CONVERSION = YES;
				CLANG_WARN_CONSTANT_CONVERSION = YES;
				CLANG_WARN_DIRECT_OBJC_ISA_USAGE = YES_ERROR;
				CLANG_WARN_DOCUMENTATION_COMMENTS = YES;
				CLANG_WARN_EMPTY_BODY = YES;
				CLANG_WARN_ENUM_CONVERSION = YES;
				CLANG_WARN_INFINITE_RECURSION = YES;
				CLANG_WARN_INT_CONVERSION = YES;
				CLANG_WARN_OBJC_ROOT_CLASS = YES_ERROR;
				CLANG_WARN_SUSPICIOUS_MOVE = YES;
				CLANG_WARN_UNREACHABLE_CODE = YES;
				CLANG_WARN__DUPLICATE_METHOD_MATCH = YES;
				"CODE_SIGN_IDENTITY[sdk=iphoneos*]" = "iPhone Developer";
				COPY_PHASE_STRIP = NO;
				DEBUG_INFORMATION_FORMAT = dwarf;
				ENABLE_STRICT_OBJC_MSGSEND = YES;
				ENABLE_TESTABILITY = YES;
				GCC_C_LANGUAGE_STANDARD = gnu99;
				GCC_DYNAMIC_NO_PIC = NO;
				GCC_NO_COMMON_BLOCKS = YES;
				GCC_OPTIMIZATION_LEVEL = 0;
				GCC_PREPROCESSOR_DEFINITIONS = (
					"DEBUG=1",
					"$(inherited)",
				);
				GCC_WARN_64_TO_32_BIT_CONVERSION = YES;
				GCC_WARN_ABOUT_RETURN_TYPE = YES_ERROR;
				GCC_WARN_UNDECLARED_SELECTOR = YES;
				GCC_WARN_UNINITIALIZED_AUTOS = YES_AGGRESSIVE;
				GCC_WARN_UNUSED_FUNCTION = YES;
				GCC_WARN_UNUSED_VARIABLE = YES;
				IPHONEOS_DEPLOYMENT_TARGET = 10.2;
				MTL_ENABLE_DEBUG_INFO = YES;
				ONLY_ACTIVE_ARCH = YES;
				SDKROOT = iphoneos;
				SWIFT_ACTIVE_COMPILATION_CONDITIONS = DEBUG;
				SWIFT_OPTIMIZATION_LEVEL = "-Onone";
			};
			name = Debug;
		};
		DF359D0F1EC2316700D46CFE /* Release */ = {
			isa = XCBuildConfiguration;
			buildSettings = {
				ALWAYS_SEARCH_USER_PATHS = NO;
				CLANG_ANALYZER_NONNULL = YES;
				CLANG_CXX_LANGUAGE_STANDARD = "gnu++0x";
				CLANG_CXX_LIBRARY = "libc++";
				CLANG_ENABLE_MODULES = YES;
				CLANG_ENABLE_OBJC_ARC = YES;
				CLANG_WARN_BOOL_CONVERSION = YES;
				CLANG_WARN_CONSTANT_CONVERSION = YES;
				CLANG_WARN_DIRECT_OBJC_ISA_USAGE = YES_ERROR;
				CLANG_WARN_DOCUMENTATION_COMMENTS = YES;
				CLANG_WARN_EMPTY_BODY = YES;
				CLANG_WARN_ENUM_CONVERSION = YES;
				CLANG_WARN_INFINITE_RECURSION = YES;
				CLANG_WARN_INT_CONVERSION = YES;
				CLANG_WARN_OBJC_ROOT_CLASS = YES_ERROR;
				CLANG_WARN_SUSPICIOUS_MOVE = YES;
				CLANG_WARN_UNREACHABLE_CODE = YES;
				CLANG_WARN__DUPLICATE_METHOD_MATCH = YES;
				"CODE_SIGN_IDENTITY[sdk=iphoneos*]" = "iPhone Developer";
				COPY_PHASE_STRIP = NO;
				DEBUG_INFORMATION_FORMAT = "dwarf-with-dsym";
				ENABLE_NS_ASSERTIONS = NO;
				ENABLE_STRICT_OBJC_MSGSEND = YES;
				GCC_C_LANGUAGE_STANDARD = gnu99;
				GCC_NO_COMMON_BLOCKS = YES;
				GCC_WARN_64_TO_32_BIT_CONVERSION = YES;
				GCC_WARN_ABOUT_RETURN_TYPE = YES_ERROR;
				GCC_WARN_UNDECLARED_SELECTOR = YES;
				GCC_WARN_UNINITIALIZED_AUTOS = YES_AGGRESSIVE;
				GCC_WARN_UNUSED_FUNCTION = YES;
				GCC_WARN_UNUSED_VARIABLE = YES;
				IPHONEOS_DEPLOYMENT_TARGET = 10.2;
				MTL_ENABLE_DEBUG_INFO = NO;
				SDKROOT = iphoneos;
				SWIFT_OPTIMIZATION_LEVEL = "-Owholemodule";
				VALIDATE_PRODUCT = YES;
			};
			name = Release;
		};
		DF359D111EC2316700D46CFE /* Debug */ = {
			isa = XCBuildConfiguration;
			buildSettings = {
				ASSETCATALOG_COMPILER_APPICON_NAME = AppIcon;
				DEVELOPMENT_TEAM = 9R6APF66GF;
				INFOPLIST_FILE = MyPokemonLib/Info.plist;
				LD_RUNPATH_SEARCH_PATHS = "$(inherited) @executable_path/Frameworks";
				PRODUCT_BUNDLE_IDENTIFIER = com.nghianq.it.MyPokemonLib;
				PRODUCT_NAME = "$(TARGET_NAME)";
				SWIFT_VERSION = 3.0;
			};
			name = Debug;
		};
		DF359D121EC2316700D46CFE /* Release */ = {
			isa = XCBuildConfiguration;
			buildSettings = {
				ASSETCATALOG_COMPILER_APPICON_NAME = AppIcon;
				DEVELOPMENT_TEAM = 9R6APF66GF;
				INFOPLIST_FILE = MyPokemonLib/Info.plist;
				LD_RUNPATH_SEARCH_PATHS = "$(inherited) @executable_path/Frameworks";
				PRODUCT_BUNDLE_IDENTIFIER = com.nghianq.it.MyPokemonLib;
				PRODUCT_NAME = "$(TARGET_NAME)";
				SWIFT_VERSION = 3.0;
			};
			name = Release;
		};
/* End XCBuildConfiguration section */

/* Begin XCConfigurationList section */
		DF359CF91EC2316700D46CFE /* Build configuration list for PBXProject "MyPokemonLib" */ = {
			isa = XCConfigurationList;
			buildConfigurations = (
				DF359D0E1EC2316700D46CFE /* Debug */,
				DF359D0F1EC2316700D46CFE /* Release */,
			);
			defaultConfigurationIsVisible = 0;
			defaultConfigurationName = Release;
		};
		DF359D101EC2316700D46CFE /* Build configuration list for PBXNativeTarget "MyPokemonLib" */ = {
			isa = XCConfigurationList;
			buildConfigurations = (
				DF359D111EC2316700D46CFE /* Debug */,
				DF359D121EC2316700D46CFE /* Release */,
			);
			defaultConfigurationIsVisible = 0;
		};
/* End XCConfigurationList section */
	};
	rootObject = DF359CF61EC2316700D46CFE /* Project object */;
}
